
Microsoft Visual Studio Solution File, Format Version 12.00
# Visual Studio Version 16
VisualStudioVersion = 16.0.30204.135
MinimumVisualStudioVersion = 10.0.40219.1
Project("{FAE04EC0-301F-11D3-BF4B-00C04F79EFBC}") = "WorldStats", "WorldStats\WorldStats.csproj", "{AF73F486-ECA6-4D27-9030-A0E252A5ADEA}"
EndProject
Project("{FAE04EC0-301F-11D3-BF4B-00C04F79EFBC}") = "PasswordManager", "PasswordManager\PasswordManager.csproj", "{74004C57-85FB-49F9-983F-CA4D98FC1BF1}"
EndProject
Project("{FAE04EC0-301F-11D3-BF4B-00C04F79EFBC}") = "Cats", "Cats\Cats.csproj", "{1459AE1A-3365-451D-ADD8-3026BE6AB39D}"
EndProject
Project("{FAE04EC0-301F-11D3-BF4B-00C04F79EFBC}") = "Social Network", "Social Network\Social Network.csproj", "{94E6EC38-1C53-4230-8567-F5E69D079BDC}"
EndProject
Global
	GlobalSection(SolutionConfigurationPlatforms) = preSolution
		Debug|Any CPU = Debug|Any CPU
		Release|Any CPU = Release|Any CPU
	EndGlobalSection
	GlobalSection(ProjectConfigurationPlatforms) = postSolution
		{AF73F486-ECA6-4D27-9030-A0E252A5ADEA}.Debug|Any CPU.ActiveCfg = Debug|Any CPU
		{AF73F486-ECA6-4D27-9030-A0E252A5ADEA}.Debug|Any CPU.Build.0 = Debug|Any CPU
		{AF73F486-ECA6-4D27-9030-A0E252A5ADEA}.Release|Any CPU.ActiveCfg = Release|Any CPU
		{AF73F486-ECA6-4D27-9030-A0E252A5ADEA}.Release|Any CPU.Build.0 = Release|Any CPU
		{74004C57-85FB-49F9-983F-CA4D98FC1BF1}.Debug|Any CPU.ActiveCfg = Debug|Any CPU
		{74004C57-85FB-49F9-983F-CA4D98FC1BF1}.Debug|Any CPU.Build.0 = Debug|Any CPU
		{74004C57-85FB-49F9-983F-CA4D98FC1BF1}.Release|Any CPU.ActiveCfg = Release|Any CPU
		{74004C57-85FB-49F9-983F-CA4D98FC1BF1}.Release|Any CPU.Build.0 = Release|Any CPU
		{1459AE1A-3365-451D-ADD8-3026BE6AB39D}.Debug|Any CPU.ActiveCfg = Debug|Any CPU
		{1459AE1A-3365-451D-ADD8-3026BE6AB39D}.Debug|Any CPU.Build.0 = Debug|Any CPU
		{1459AE1A-3365-451D-ADD8-3026BE6AB39D}.Release|Any CPU.ActiveCfg = Release|Any CPU
		{1459AE1A-3365-451D-ADD8-3026BE6AB39D}.Release|Any CPU.Build.0 = Release|Any CPU
		{94E6EC38-1C53-4230-8567-F5E69D079BDC}.Debug|Any CPU.ActiveCfg = Debug|Any CPU
		{94E6EC38-1C53-4230-8567-F5E69D079BDC}.Debug|Any CPU.Build.0 = Debug|Any CPU
		{94E6EC38-1C53-4230-8567-F5E69D079BDC}.Release|Any CPU.ActiveCfg = Release|Any CPU
		{94E6EC38-1C53-4230-8567-F5E69D079BDC}.Release|Any CPU.Build.0 = Release|Any CPU
	EndGlobalSection
	GlobalSection(SolutionProperties) = preSolution
		HideSolutionNode = FALSE
	EndGlobalSection
	GlobalSection(ExtensibilityGlobals) = postSolution
		SolutionGuid = {E131421A-8BBF-48EF-9A4B-793BE1C9776D}
	EndGlobalSection
EndGlobal
